// !$*UTF8*$!
{
	archiveVersion = 1;
	classes = {
	};
	objectVersion = 77;
	objects = {

/* Begin PBXContainerItemProxy section */
		AE26DE3B2E140AE300315368 /* PBXContainerItemProxy */ = {
			isa = PBXContainerItemProxy;
			containerPortal = AE26DE252E140AE200315368 /* Project object */;
			proxyType = 1;
			remoteGlobalIDString = AE26DE2C2E140AE200315368;
			remoteInfo = TGCal;
		};
		AE26DE452E140AE300315368 /* PBXContainerItemProxy */ = {
			isa = PBXContainerItemProxy;
			containerPortal = AE26DE252E140AE200315368 /* Project object */;
			proxyType = 1;
			remoteGlobalIDString = AE26DE2C2E140AE200315368;
			remoteInfo = TGCal;
		};
/* End PBXContainerItemProxy section */

/* Begin PBXFileReference section */
		AE26DE2D2E140AE200315368 /* TGCal.app */ = {isa = PBXFileReference; explicitFileType = wrapper.application; includeInIndex = 0; path = TGCal.app; sourceTree = BUILT_PRODUCTS_DIR; };
		AE26DE3A2E140AE300315368 /* TGCalTests.xctest */ = {isa = PBXFileReference; explicitFileType = wrapper.cfbundle; includeInIndex = 0; path = TGCalTests.xctest; sourceTree = BUILT_PRODUCTS_DIR; };
		AE26DE442E140AE300315368 /* TGCalUITests.xctest */ = {isa = PBXFileReference; explicitFileType = wrapper.cfbundle; includeInIndex = 0; path = TGCalUITests.xctest; sourceTree = BUILT_PRODUCTS_DIR; };
/* End PBXFileReference section */

/* Begin PBXFileSystemSynchronizedBuildFileExceptionSet section */
		AED2521D2E17FA9A006236D6 /* Exceptions for "TGCal" folder in "TGCal" target */ = {
			isa = PBXFileSystemSynchronizedBuildFileExceptionSet;
			membershipExceptions = (
				Info.plist,
			);
			target = AE26DE2C2E140AE200315368 /* TGCal */;
		};
/* End PBXFileSystemSynchronizedBuildFileExceptionSet section */

/* Begin PBXFileSystemSynchronizedRootGroup section */
		AE26DE2F2E140AE200315368 /* TGCal */ = {
			isa = PBXFileSystemSynchronizedRootGroup;
			exceptions = (
				AED2521D2E17FA9A006236D6 /* Exceptions for "TGCal" folder in "TGCal" target */,
			);
			path = TGCal;
			sourceTree = "<group>";
		};
		AE26DE3D2E140AE300315368 /* TGCalTests */ = {
			isa = PBXFileSystemSynchronizedRootGroup;
			path = TGCalTests;
			sourceTree = "<group>";
		};
		AE26DE472E140AE300315368 /* TGCalUITests */ = {
			isa = PBXFileSystemSynchronizedRootGroup;
			path = TGCalUITests;
			sourceTree = "<group>";
		};
/* End PBXFileSystemSynchronizedRootGroup section */

/* Begin PBXFrameworksBuildPhase section */
		AE26DE2A2E140AE200315368 /* Frameworks */ = {
			isa = PBXFrameworksBuildPhase;
			buildActionMask = 2147483647;
			files = (
			);
			runOnlyForDeploymentPostprocessing = 0;
		};
		AE26DE372E140AE300315368 /* Frameworks */ = {
			isa = PBXFrameworksBuildPhase;
			buildActionMask = 2147483647;
			files = (
			);
			runOnlyForDeploymentPostprocessing = 0;
		};
		AE26DE412E140AE300315368 /* Frameworks */ = {
			isa = PBXFrameworksBuildPhase;
			buildActionMask = 2147483647;
			files = (
			);
			runOnlyForDeploymentPostprocessing = 0;
		};
/* End PBXFrameworksBuildPhase section */

/* Begin PBXGroup section */
		AE26DE242E140AE200315368 = {
			isa = PBXGroup;
			children = (
				AE26DE2F2E140AE200315368 /* TGCal */,
				AE26DE3D2E140AE300315368 /* TGCalTests */,
				AE26DE472E140AE300315368 /* TGCalUITests */,
				AE26DE2E2E140AE200315368 /* Products */,
			);
			sourceTree = "<group>";
		};
		AE26DE2E2E140AE200315368 /* Products */ = {
			isa = PBXGroup;
			children = (
				AE26DE2D2E140AE200315368 /* TGCal.app */,
				AE26DE3A2E140AE300315368 /* TGCalTests.xctest */,
				AE26DE442E140AE300315368 /* TGCalUITests.xctest */,
			);
			name = Products;
			sourceTree = "<group>";
		};
/* End PBXGroup section */

/* Begin PBXNativeTarget section */
		AE26DE2C2E140AE200315368 /* TGCal */ = {
			isa = PBXNativeTarget;
			buildConfigurationList = AE26DE4E2E140AE300315368 /* Build configuration list for PBXNativeTarget "TGCal" */;
			buildPhases = (
				AE26DE292E140AE200315368 /* Sources */,
				AE26DE2A2E140AE200315368 /* Frameworks */,
				AE26DE2B2E140AE200315368 /* Resources */,
			);
			buildRules = (
			);
			dependencies = (
			);
			fileSystemSynchronizedGroups = (
				AE26DE2F2E140AE200315368 /* TGCal */,
			);
			name = TGCal;
			packageProductDependencies = (
			);
			productName = TGCal;
			productReference = AE26DE2D2E140AE200315368 /* TGCal.app */;
			productType = "com.apple.product-type.application";
		};
		AE26DE392E140AE300315368 /* TGCalTests */ = {
			isa = PBXNativeTarget;
			buildConfigurationList = AE26DE512E140AE300315368 /* Build configuration list for PBXNativeTarget "TGCalTests" */;
			buildPhases = (
				AE26DE362E140AE300315368 /* Sources */,
				AE26DE372E140AE300315368 /* Frameworks */,
				AE26DE382E140AE300315368 /* Resources */,
			);
			buildRules = (
			);
			dependencies = (
				AE26DE3C2E140AE300315368 /* PBXTargetDependency */,
			);
			fileSystemSynchronizedGroups = (
				AE26DE3D2E140AE300315368 /* TGCalTests */,
			);
			name = TGCalTests;
			packageProductDependencies = (
			);
			productName = TGCalTests;
			productReference = AE26DE3A2E140AE300315368 /* TGCalTests.xctest */;
			productType = "com.apple.product-type.bundle.unit-test";
		};
		AE26DE432E140AE300315368 /* TGCalUITests */ = {
			isa = PBXNativeTarget;
			buildConfigurationList = AE26DE542E140AE300315368 /* Build configuration list for PBXNativeTarget "TGCalUITests" */;
			buildPhases = (
				AE26DE402E140AE300315368 /* Sources */,
				AE26DE412E140AE300315368 /* Frameworks */,
				AE26DE422E140AE300315368 /* Resources */,
			);
			buildRules = (
			);
			dependencies = (
				AE26DE462E140AE300315368 /* PBXTargetDependency */,
			);
			fileSystemSynchronizedGroups = (
				AE26DE472E140AE300315368 /* TGCalUITests */,
			);
			name = TGCalUITests;
			packageProductDependencies = (
			);
			productName = TGCalUITests;
			productReference = AE26DE442E140AE300315368 /* TGCalUITests.xctest */;
			productType = "com.apple.product-type.bundle.ui-testing";
		};
/* End PBXNativeTarget section */

/* Begin PBXProject section */
		AE26DE252E140AE200315368 /* Project object */ = {
			isa = PBXProject;
			attributes = {
				BuildIndependentTargetsInParallel = 1;
				LastSwiftUpdateCheck = 1640;
				LastUpgradeCheck = 1640;
				TargetAttributes = {
					AE26DE2C2E140AE200315368 = {
						CreatedOnToolsVersion = 16.4;
						LastSwiftMigration = 1640;
					};
					AE26DE392E140AE300315368 = {
						CreatedOnToolsVersion = 16.4;
						TestTargetID = AE26DE2C2E140AE200315368;
					};
					AE26DE432E140AE300315368 = {
						CreatedOnToolsVersion = 16.4;
						TestTargetID = AE26DE2C2E140AE200315368;
					};
				};
			};
			buildConfigurationList = AE26DE282E140AE200315368 /* Build configuration list for PBXProject "TGCal" */;
			developmentRegion = en;
			hasScannedForEncodings = 0;
			knownRegions = (
				en,
				Base,
			);
			mainGroup = AE26DE242E140AE200315368;
			minimizedProjectReferenceProxies = 1;
			packageReferences = (
			);
			preferredProjectObjectVersion = 77;
			productRefGroup = AE26DE2E2E140AE200315368 /* Products */;
			projectDirPath = "";
			projectRoot = "";
			targets = (
				AE26DE2C2E140AE200315368 /* TGCal */,
				AE26DE392E140AE300315368 /* TGCalTests */,
				AE26DE432E140AE300315368 /* TGCalUITests */,
			);
		};
/* End PBXProject section */

/* Begin PBXResourcesBuildPhase section */
		AE26DE2B2E140AE200315368 /* Resources */ = {
			isa = PBXResourcesBuildPhase;
			buildActionMask = 2147483647;
			files = (
			);
			runOnlyForDeploymentPostprocessing = 0;
		};
		AE26DE382E140AE300315368 /* Resources */ = {
			isa = PBXResourcesBuildPhase;
			buildActionMask = 2147483647;
			files = (
			);
			runOnlyForDeploymentPostprocessing = 0;
		};
		AE26DE422E140AE300315368 /* Resources */ = {
			isa = PBXResourcesBuildPhase;
			buildActionMask = 2147483647;
			files = (
			);
			runOnlyForDeploymentPostprocessing = 0;
		};
/* End PBXResourcesBuildPhase section */

/* Begin PBXSourcesBuildPhase section */
		AE26DE292E140AE200315368 /* Sources */ = {
			isa = PBXSourcesBuildPhase;
			buildActionMask = 2147483647;
			files = (
			);
			runOnlyForDeploymentPostprocessing = 0;
		};
		AE26DE362E140AE300315368 /* Sources */ = {
			isa = PBXSourcesBuildPhase;
			buildActionMask = 2147483647;
			files = (
			);
			runOnlyForDeploymentPostprocessing = 0;
		};
		AE26DE402E140AE300315368 /* Sources */ = {
			isa = PBXSourcesBuildPhase;
			buildActionMask = 2147483647;
			files = (
			);
			runOnlyForDeploymentPostprocessing = 0;
		};
/* End PBXSourcesBuildPhase section */

/* Begin PBXTargetDependency section */
		AE26DE3C2E140AE300315368 /* PBXTargetDependency */ = {
			isa = PBXTargetDependency;
			target = AE26DE2C2E140AE200315368 /* TGCal */;
			targetProxy = AE26DE3B2E140AE300315368 /* PBXContainerItemProxy */;
		};
		AE26DE462E140AE300315368 /* PBXTargetDependency */ = {
			isa = PBXTargetDependency;
			target = AE26DE2C2E140AE200315368 /* TGCal */;
			targetProxy = AE26DE452E140AE300315368 /* PBXContainerItemProxy */;
		};
/* End PBXTargetDependency section */

/* Begin XCBuildConfiguration section */
		AE26DE4C2E140AE300315368 /* Debug */ = {
			isa = XCBuildConfiguration;
			buildSettings = {
				ALWAYS_SEARCH_USER_PATHS = NO;
				ASSETCATALOG_COMPILER_GENERATE_SWIFT_ASSET_SYMBOL_EXTENSIONS = YES;
				CLANG_ANALYZER_NONNULL = YES;
				CLANG_ANALYZER_NUMBER_OBJECT_CONVERSION = YES_AGGRESSIVE;
				CLANG_CXX_LANGUAGE_STANDARD = "gnu++20";
				CLANG_ENABLE_MODULES = YES;
				CLANG_ENABLE_OBJC_ARC = YES;
				CLANG_ENABLE_OBJC_WEAK = YES;
				CLANG_WARN_BLOCK_CAPTURE_AUTORELEASING = YES;
				CLANG_WARN_BOOL_CONVERSION = YES;
				CLANG_WARN_COMMA = YES;
				CLANG_WARN_CONSTANT_CONVERSION = YES;
				CLANG_WARN_DEPRECATED_OBJC_IMPLEMENTATIONS = YES;
				CLANG_WARN_DIRECT_OBJC_ISA_USAGE = YES_ERROR;
				CLANG_WARN_DOCUMENTATION_COMMENTS = YES;
				CLANG_WARN_EMPTY_BODY = YES;
				CLANG_WARN_ENUM_CONVERSION = YES;
				CLANG_WARN_INFINITE_RECURSION = YES;
				CLANG_WARN_INT_CONVERSION = YES;
				CLANG_WARN_NON_LITERAL_NULL_CONVERSION = YES;
				CLANG_WARN_OBJC_IMPLICIT_RETAIN_SELF = YES;
				CLANG_WARN_OBJC_LITERAL_CONVERSION = YES;
				CLANG_WARN_OBJC_ROOT_CLASS = YES_ERROR;
				CLANG_WARN_QUOTED_INCLUDE_IN_FRAMEWORK_HEADER = YES;
				CLANG_WARN_RANGE_LOOP_ANALYSIS = YES;
				CLANG_WARN_STRICT_PROTOTYPES = YES;
				CLANG_WARN_SUSPICIOUS_MOVE = YES;
				CLANG_WARN_UNGUARDED_AVAILABILITY = YES_AGGRESSIVE;
				CLANG_WARN_UNREACHABLE_CODE = YES;
				CLANG_WARN__DUPLICATE_METHOD_MATCH = YES;
				COPY_PHASE_STRIP = NO;
				DEBUG_INFORMATION_FORMAT = dwarf;
				DEVELOPMENT_TEAM = T83P6KMGQJ;
				ENABLE_STRICT_OBJC_MSGSEND = YES;
				ENABLE_TESTABILITY = YES;
				ENABLE_USER_SCRIPT_SANDBOXING = YES;
				GCC_C_LANGUAGE_STANDARD = gnu17;
				GCC_DYNAMIC_NO_PIC = NO;
				GCC_NO_COMMON_BLOCKS = YES;
				GCC_OPTIMIZATION_LEVEL = 0;
				GCC_PREPROCESSOR_DEFINITIONS = (
					"DEBUG=1",
					"$(inherited)",
				);
				GCC_WARN_64_TO_32_BIT_CONVERSION = YES;
				GCC_WARN_ABOUT_RETURN_TYPE = YES_ERROR;
				GCC_WARN_UNDECLARED_SELECTOR = YES;
				GCC_WARN_UNINITIALIZED_AUTOS = YES_AGGRESSIVE;
				GCC_WARN_UNUSED_FUNCTION = YES;
				GCC_WARN_UNUSED_VARIABLE = YES;
				INFOPLIST_FILE = TGCal/Info.plist;
				IPHONEOS_DEPLOYMENT_TARGET = 18.5;
				LOCALIZATION_PREFERS_STRING_CATALOGS = YES;
				MTL_ENABLE_DEBUG_INFO = INCLUDE_SOURCE;
				MTL_FAST_MATH = YES;
				ONLY_ACTIVE_ARCH = YES;
				SDKROOT = iphoneos;
				SWIFT_ACTIVE_COMPILATION_CONDITIONS = "DEBUG $(inherited)";
				SWIFT_OPTIMIZATION_LEVEL = "-Onone";
			};
			name = Debug;
		};
		AE26DE4D2E140AE300315368 /* Release */ = {
			isa = XCBuildConfiguration;
			buildSettings = {
				ALWAYS_SEARCH_USER_PATHS = NO;
				ASSETCATALOG_COMPILER_GENERATE_SWIFT_ASSET_SYMBOL_EXTENSIONS = YES;
				CLANG_ANALYZER_NONNULL = YES;
				CLANG_ANALYZER_NUMBER_OBJECT_CONVERSION = YES_AGGRESSIVE;
				CLANG_CXX_LANGUAGE_STANDARD = "gnu++20";
				CLANG_ENABLE_MODULES = YES;
				CLANG_ENABLE_OBJC_ARC = YES;
				CLANG_ENABLE_OBJC_WEAK = YES;
				CLANG_WARN_BLOCK_CAPTURE_AUTORELEASING = YES;
				CLANG_WARN_BOOL_CONVERSION = YES;
				CLANG_WARN_COMMA = YES;
				CLANG_WARN_CONSTANT_CONVERSION = YES;
				CLANG_WARN_DEPRECATED_OBJC_IMPLEMENTATIONS = YES;
				CLANG_WARN_DIRECT_OBJC_ISA_USAGE = YES_ERROR;
				CLANG_WARN_DOCUMENTATION_COMMENTS = YES;
				CLANG_WARN_EMPTY_BODY = YES;
				CLANG_WARN_ENUM_CONVERSION = YES;
				CLANG_WARN_INFINITE_RECURSION = YES;
				CLANG_WARN_INT_CONVERSION = YES;
				CLANG_WARN_NON_LITERAL_NULL_CONVERSION = YES;
				CLANG_WARN_OBJC_IMPLICIT_RETAIN_SELF = YES;
				CLANG_WARN_OBJC_LITERAL_CONVERSION = YES;
				CLANG_WARN_OBJC_ROOT_CLASS = YES_ERROR;
				CLANG_WARN_QUOTED_INCLUDE_IN_FRAMEWORK_HEADER = YES;
				CLANG_WARN_RANGE_LOOP_ANALYSIS = YES;
				CLANG_WARN_STRICT_PROTOTYPES = YES;
				CLANG_WARN_SUSPICIOUS_MOVE = YES;
				CLANG_WARN_UNGUARDED_AVAILABILITY = YES_AGGRESSIVE;
				CLANG_WARN_UNREACHABLE_CODE = YES;
				CLANG_WARN__DUPLICATE_METHOD_MATCH = YES;
				COPY_PHASE_STRIP = NO;
				DEBUG_INFORMATION_FORMAT = "dwarf-with-dsym";
				DEVELOPMENT_TEAM = T83P6KMGQJ;
				ENABLE_NS_ASSERTIONS = NO;
				ENABLE_STRICT_OBJC_MSGSEND = YES;
				ENABLE_USER_SCRIPT_SANDBOXING = YES;
				GCC_C_LANGUAGE_STANDARD = gnu17;
				GCC_NO_COMMON_BLOCKS = YES;
				GCC_WARN_64_TO_32_BIT_CONVERSION = YES;
				GCC_WARN_ABOUT_RETURN_TYPE = YES_ERROR;
				GCC_WARN_UNDECLARED_SELECTOR = YES;
				GCC_WARN_UNINITIALIZED_AUTOS = YES_AGGRESSIVE;
				GCC_WARN_UNUSED_FUNCTION = YES;
				GCC_WARN_UNUSED_VARIABLE = YES;
				INFOPLIST_FILE = TGCal/Info.plist;
				IPHONEOS_DEPLOYMENT_TARGET = 18.5;
				LOCALIZATION_PREFERS_STRING_CATALOGS = YES;
				MTL_ENABLE_DEBUG_INFO = NO;
				MTL_FAST_MATH = YES;
				SDKROOT = iphoneos;
				SWIFT_COMPILATION_MODE = wholemodule;
				VALIDATE_PRODUCT = YES;
			};
			name = Release;
		};
		AE26DE4F2E140AE300315368 /* Debug */ = {
			isa = XCBuildConfiguration;
			buildSettings = {
				ASSETCATALOG_COMPILER_APPICON_NAME = TGAppIcon;
				CLANG_ENABLE_MODULES = YES;
				CODE_SIGN_STYLE = Automatic;
				CURRENT_PROJECT_VERSION = 1;
				DEVELOPMENT_TEAM = T83P6KMGQJ;
				ENABLE_PREVIEWS = YES;
				GENERATE_INFOPLIST_FILE = NO;
				LD_RUNPATH_SEARCH_PATHS = (
					"$(inherited)",
					"@executable_path/Frameworks",
				);
				MARKETING_VERSION = 1.0;
				PRODUCT_BUNDLE_IDENTIFIER = com.sira.TGCal;
				PRODUCT_NAME = "$(TARGET_NAME)";
				SWIFT_EMIT_LOC_STRINGS = YES;
				SWIFT_OPTIMIZATION_LEVEL = "-Onone";
				SWIFT_VERSION = 5.0;
				TARGETED_DEVICE_FAMILY = 1;
			};
			name = Debug;
		};
		AE26DE502E140AE300315368 /* Release */ = {
			isa = XCBuildConfiguration;
			buildSettings = {
				ASSETCATALOG_COMPILER_APPICON_NAME = TGAppIcon;
				CLANG_ENABLE_MODULES = YES;
				CODE_SIGN_STYLE = Automatic;
				CURRENT_PROJECT_VERSION = 1;
				DEVELOPMENT_TEAM = T83P6KMGQJ;
				ENABLE_PREVIEWS = YES;
				GENERATE_INFOPLIST_FILE = NO;
				LD_RUNPATH_SEARCH_PATHS = (
					"$(inherited)",
					"@executable_path/Frameworks",
				);
				MARKETING_VERSION = 1.0;
				PRODUCT_BUNDLE_IDENTIFIER = com.sira.TGCal;
				PRODUCT_NAME = "$(TARGET_NAME)";
				SWIFT_EMIT_LOC_STRINGS = YES;
				SWIFT_VERSION = 5.0;
				TARGETED_DEVICE_FAMILY = 1;
			};
			name = Release;
		};
		AE26DE522E140AE300315368 /* Debug */ = {
			isa = XCBuildConfiguration;
			buildSettings = {
				BUNDLE_LOADER = "$(TEST_HOST)";
				CODE_SIGN_STYLE = Automatic;
				CURRENT_PROJECT_VERSION = 1;
				DEVELOPMENT_TEAM = T83P6KMGQJ;
				GENERATE_INFOPLIST_FILE = YES;
				IPHONEOS_DEPLOYMENT_TARGET = 18.5;
				MARKETING_VERSION = 1.0;
				PRODUCT_BUNDLE_IDENTIFIER = com.sira.TGCalTests;
				PRODUCT_NAME = "$(TARGET_NAME)";
				SWIFT_EMIT_LOC_STRINGS = NO;
				SWIFT_VERSION = 5.0;
				TARGETED_DEVICE_FAMILY = "1,2";
				TEST_HOST = "$(BUILT_PRODUCTS_DIR)/TGCal.app/$(BUNDLE_EXECUTABLE_FOLDER_PATH)/TGCal";
			};
			name = Debug;
		};
		AE26DE532E140AE300315368 /* Release */ = {
			isa = XCBuildConfiguration;
			buildSettings = {
				BUNDLE_LOADER = "$(TEST_HOST)";
				CODE_SIGN_STYLE = Automatic;
				CURRENT_PROJECT_VERSION = 1;
				DEVELOPMENT_TEAM = T83P6KMGQJ;
				GENERATE_INFOPLIST_FILE = YES;
				IPHONEOS_DEPLOYMENT_TARGET = 18.5;
				MARKETING_VERSION = 1.0;
				PRODUCT_BUNDLE_IDENTIFIER = com.sira.TGCalTests;
				PRODUCT_NAME = "$(TARGET_NAME)";
				SWIFT_EMIT_LOC_STRINGS = NO;
				SWIFT_VERSION = 5.0;
				TARGETED_DEVICE_FAMILY = "1,2";
				TEST_HOST = "$(BUILT_PRODUCTS_DIR)/TGCal.app/$(BUNDLE_EXECUTABLE_FOLDER_PATH)/TGCal";
			};
			name = Release;
		};
		AE26DE552E140AE300315368 /* Debug */ = {
			isa = XCBuildConfiguration;
			buildSettings = {
				CODE_SIGN_STYLE = Automatic;
				CURRENT_PROJECT_VERSION = 1;
				DEVELOPMENT_TEAM = T83P6KMGQJ;
				GENERATE_INFOPLIST_FILE = YES;
				MARKETING_VERSION = 1.0;
				PRODUCT_BUNDLE_IDENTIFIER = com.sira.TGCalUITests;
				PRODUCT_NAME = "$(TARGET_NAME)";
				SWIFT_EMIT_LOC_STRINGS = NO;
				SWIFT_VERSION = 5.0;
				TARGETED_DEVICE_FAMILY = "1,2";
				TEST_TARGET_NAME = TGCal;
			};
			name = Debug;
		};
		AE26DE562E140AE300315368 /* Release */ = {
			isa = XCBuildConfiguration;
			buildSettings = {
				CODE_SIGN_STYLE = Automatic;
				CURRENT_PROJECT_VERSION = 1;
				DEVELOPMENT_TEAM = T83P6KMGQJ;
				GENERATE_INFOPLIST_FILE = YES;
				MARKETING_VERSION = 1.0;
				PRODUCT_BUNDLE_IDENTIFIER = com.sira.TGCalUITests;
				PRODUCT_NAME = "$(TARGET_NAME)";
				SWIFT_EMIT_LOC_STRINGS = NO;
				SWIFT_VERSION = 5.0;
				TARGETED_DEVICE_FAMILY = "1,2";
				TEST_TARGET_NAME = TGCal;
			};
			name = Release;
		};
/* End XCBuildConfiguration section */

/* Begin XCConfigurationList section */
		AE26DE282E140AE200315368 /* Build configuration list for PBXProject "TGCal" */ = {
			isa = XCConfigurationList;
			buildConfigurations = (
				AE26DE4C2E140AE300315368 /* Debug */,
				AE26DE4D2E140AE300315368 /* Release */,
			);
			defaultConfigurationIsVisible = 0;
			defaultConfigurationName = Release;
		};
		AE26DE4E2E140AE300315368 /* Build configuration list for PBXNativeTarget "TGCal" */ = {
			isa = XCConfigurationList;
			buildConfigurations = (
				AE26DE4F2E140AE300315368 /* Debug */,
				AE26DE502E140AE300315368 /* Release */,
			);
			defaultConfigurationIsVisible = 0;
			defaultConfigurationName = Release;
		};
		AE26DE512E140AE300315368 /* Build configuration list for PBXNativeTarget "TGCalTests" */ = {
			isa = XCConfigurationList;
			buildConfigurations = (
				AE26DE522E140AE300315368 /* Debug */,
				AE26DE532E140AE300315368 /* Release */,
			);
			defaultConfigurationIsVisible = 0;
			defaultConfigurationName = Release;
		};
		AE26DE542E140AE300315368 /* Build configuration list for PBXNativeTarget "TGCalUITests" */ = {
			isa = XCConfigurationList;
			buildConfigurations = (
				AE26DE552E140AE300315368 /* Debug */,
				AE26DE562E140AE300315368 /* Release */,
			);
			defaultConfigurationIsVisible = 0;
			defaultConfigurationName = Release;
		};
/* End XCConfigurationList section */
	};
	rootObject = AE26DE252E140AE200315368 /* Project object */;
}
